
Microsoft Visual Studio Solution File, Format Version 12.00
Project("{FAE04EC0-301F-11D3-BF4B-00C04F79EFBC}") = "API", "src\API\API.csproj", "{40C97964-1FEB-4B4C-87B4-FE8A6252A0E3}"
EndProject
Project("{FAE04EC0-301F-11D3-BF4B-00C04F79EFBC}") = "Models", "src\Models\Models.csproj", "{802F7F39-583F-443B-AEBD-E04E762950EB}"
EndProject
Project("{FAE04EC0-301F-11D3-BF4B-00C04F79EFBC}") = "DTOs", "src\DTOs\DTOs.csproj", "{49E2A3B7-EB1B-4EB0-AE61-5F3E16C6B5BC}"
EndProject
Project("{FAE04EC0-301F-11D3-BF4B-00C04F79EFBC}") = "Logic", "src\Logic\Logic.csproj", "{D31FAEBC-0253-4731-913A-DCC92F8631F5}"
EndProject
Global
	GlobalSection(SolutionConfigurationPlatforms) = preSolution
		Debug|Any CPU = Debug|Any CPU
		Release|Any CPU = Release|Any CPU
	EndGlobalSection
	GlobalSection(ProjectConfigurationPlatforms) = postSolution
		{40C97964-1FEB-4B4C-87B4-FE8A6252A0E3}.Debug|Any CPU.ActiveCfg = Debug|Any CPU
		{40C97964-1FEB-4B4C-87B4-FE8A6252A0E3}.Debug|Any CPU.Build.0 = Debug|Any CPU
		{40C97964-1FEB-4B4C-87B4-FE8A6252A0E3}.Release|Any CPU.ActiveCfg = Release|Any CPU
		{40C97964-1FEB-4B4C-87B4-FE8A6252A0E3}.Release|Any CPU.Build.0 = Release|Any CPU
		{802F7F39-583F-443B-AEBD-E04E762950EB}.Debug|Any CPU.ActiveCfg = Debug|Any CPU
		{802F7F39-583F-443B-AEBD-E04E762950EB}.Debug|Any CPU.Build.0 = Debug|Any CPU
		{802F7F39-583F-443B-AEBD-E04E762950EB}.Release|Any CPU.ActiveCfg = Release|Any CPU
		{802F7F39-583F-443B-AEBD-E04E762950EB}.Release|Any CPU.Build.0 = Release|Any CPU
		{49E2A3B7-EB1B-4EB0-AE61-5F3E16C6B5BC}.Debug|Any CPU.ActiveCfg = Debug|Any CPU
		{49E2A3B7-EB1B-4EB0-AE61-5F3E16C6B5BC}.Debug|Any CPU.Build.0 = Debug|Any CPU
		{49E2A3B7-EB1B-4EB0-AE61-5F3E16C6B5BC}.Release|Any CPU.ActiveCfg = Release|Any CPU
		{49E2A3B7-EB1B-4EB0-AE61-5F3E16C6B5BC}.Release|Any CPU.Build.0 = Release|Any CPU
		{D31FAEBC-0253-4731-913A-DCC92F8631F5}.Debug|Any CPU.ActiveCfg = Debug|Any CPU
		{D31FAEBC-0253-4731-913A-DCC92F8631F5}.Debug|Any CPU.Build.0 = Debug|Any CPU
		{D31FAEBC-0253-4731-913A-DCC92F8631F5}.Release|Any CPU.ActiveCfg = Release|Any CPU
		{D31FAEBC-0253-4731-913A-DCC92F8631F5}.Release|Any CPU.Build.0 = Release|Any CPU
	EndGlobalSection
EndGlobal
